PODS:
  - Alamofire (5.10.2)
  - FSPagerView (0.8.3)
  - HandyJSON (5.0.2)
  - IQKeyboardManagerSwift (6.5.16)
  - JXPagingView/Paging (2.1.3)
  - JXSegmentedView (1.4.1)
  - JXSegmentedViewExt (1.0.4):
    - JXSegmentedViewExt/Core (= 1.0.4)
  - JXSegmentedViewExt/Core (1.0.4)
  - Kingfisher (7.12.0)
  - lottie-ios (4.4.1)
  - LunarSwift (1.1.8)
  - SnapKit (5.7.1)
  - SwifterSwift (8.0.0):
    - SwifterSwift/AppKit (= 8.0.0)
    - SwifterSwift/AppKitNoIBInspectable (= 8.0.0)
    - SwifterSwift/CoreAnimation (= 8.0.0)
    - SwifterSwift/CoreGraphics (= 8.0.0)
    - SwifterSwift/CoreLocation (= 8.0.0)
    - SwifterSwift/CryptoKit (= 8.0.0)
    - SwifterSwift/Dispatch (= 8.0.0)
    - SwifterSwift/Foundation (= 8.0.0)
    - SwifterSwift/HealthKit (= 8.0.0)
    - SwifterSwift/MapKit (= 8.0.0)
    - SwifterSwift/NoIBInspectable (= 8.0.0)
    - SwifterSwift/SceneKit (= 8.0.0)
    - SwifterSwift/SpriteKit (= 8.0.0)
    - SwifterSwift/StoreKit (= 8.0.0)
    - SwifterSwift/SwiftStdlib (= 8.0.0)
    - SwifterSwift/UIKit (= 8.0.0)
    - SwifterSwift/UIKitNoIBInspectable (= 8.0.0)
    - SwifterSwift/WebKit (= 8.0.0)
  - SwifterSwift/AppKit (8.0.0)
  - SwifterSwift/AppKitNoIBInspectable (8.0.0):
    - SwifterSwift/AppKit
  - SwifterSwift/CoreAnimation (8.0.0)
  - SwifterSwift/CoreGraphics (8.0.0)
  - SwifterSwift/CoreLocation (8.0.0)
  - SwifterSwift/CryptoKit (8.0.0)
  - SwifterSwift/Dispatch (8.0.0)
  - SwifterSwift/Foundation (8.0.0)
  - SwifterSwift/HealthKit (8.0.0)
  - SwifterSwift/MapKit (8.0.0)
  - SwifterSwift/NoIBInspectable (8.0.0)
  - SwifterSwift/SceneKit (8.0.0)
  - SwifterSwift/SpriteKit (8.0.0)
  - SwifterSwift/StoreKit (8.0.0)
  - SwifterSwift/SwiftStdlib (8.0.0)
  - SwifterSwift/UIKit (8.0.0)
  - SwifterSwift/UIKitNoIBInspectable (8.0.0):
    - SwifterSwift/UIKit
  - SwifterSwift/WebKit (8.0.0)
  - SwiftyJSON (5.0.2)

DEPENDENCIES:
  - Alamofire
  - FSPagerView
  - HandyJSON
  - IQKeyboardManagerSwift
  - JXPagingView/Paging
  - JXSegmentedView
  - JXSegmentedViewExt
  - Kingfisher
  - lottie-ios
  - LunarSwift
  - SnapKit
  - SwifterSwift
  - SwiftyJSON

SPEC REPOS:
  trunk:
    - Alamofire
    - FSPagerView
    - HandyJSON
    - IQKeyboardManagerSwift
    - JXPagingView
    - JXSegmentedView
    - JXSegmentedViewExt
    - Kingfisher
    - lottie-ios
    - LunarSwift
    - SnapKit
    - SwifterSwift
    - SwiftyJSON

SPEC CHECKSUMS:
  Alamofire: 7193b3b92c74a07f85569e1a6c4f4237291e7496
  FSPagerView: 670405b2f18e2a87fa37f20b00de783e562c25a8
  HandyJSON: 9e4e236f5d2dbefad5155a77417bbea438201c03
  IQKeyboardManagerSwift: 12d89768845bb77b55cc092ecc2b1f9370f06b76
  JXPagingView: afdd2e9af09c90160dd232b970d603cc6e7ddd0e
  JXSegmentedView: cd73555ce2134d1656db2cb383ba9c2f36fb5078
  JXSegmentedViewExt: 25a49aff2a35d77a0edbfe8d7b473d63073345ff
  Kingfisher: 53a10ea35051a436b5fb626ca2dd8f3144d755e9
  lottie-ios: e047b1d2e6239b787cc5e9755b988869cf190494
  LunarSwift: 8ad9d06cb1b774755be2f6e9b41c07dcaf82d37d
  SnapKit: d612e99e678a2d3b95bf60b0705ed0a35c03484a
  SwifterSwift: 517fa61daf5b4c5e3ed13b9f35f4c26b310cfb97
  SwiftyJSON: f5b1bf1cd8dd53cd25887ac0eabcfd92301c6a5a

PODFILE CHECKSUM: cd89d8217eceb0b2ce0ce401c9ffa685a59f2b94

COCOAPODS: 1.16.2
